// !$*UTF8*$!
{
	archiveVersion = 1;
	classes = {
	};
	objectVersion = 55;
	objects = {

/* Begin PBXBuildFile section */
		1837DE37278CC62A001EFB70 /* FrostiApp.swift in Sources */ = {isa = PBXBuildFile; fileRef = 1837DE36278CC62A001EFB70 /* FrostiApp.swift */; };
		1837DE39278CC62A001EFB70 /* ContentView.swift in Sources */ = {isa = PBXBuildFile; fileRef = 1837DE38278CC62A001EFB70 /* ContentView.swift */; };
		1837DE3B278CC62C001EFB70 /* Assets.xcassets in Resources */ = {isa = PBXBuildFile; fileRef = 1837DE3A278CC62C001EFB70 /* Assets.xcassets */; };
		1837DE3E278CC62C001EFB70 /* Preview Assets.xcassets in Resources */ = {isa = PBXBuildFile; fileRef = 1837DE3D278CC62C001EFB70 /* Preview Assets.xcassets */; };
		1837DE48278CC62C001EFB70 /* FrostiTests.swift in Sources */ = {isa = PBXBuildFile; fileRef = 1837DE47278CC62C001EFB70 /* FrostiTests.swift */; };
		1837DE52278CC62C001EFB70 /* FrostiUITests.swift in Sources */ = {isa = PBXBuildFile; fileRef = 1837DE51278CC62C001EFB70 /* FrostiUITests.swift */; };
		1837DE54278CC62C001EFB70 /* FrostiUITestsLaunchTests.swift in Sources */ = {isa = PBXBuildFile; fileRef = 1837DE53278CC62C001EFB70 /* FrostiUITestsLaunchTests.swift */; };
/* End PBXBuildFile section */

/* Begin PBXContainerItemProxy section */
		1837DE44278CC62C001EFB70 /* PBXContainerItemProxy */ = {
			isa = PBXContainerItemProxy;
			containerPortal = 1837DE2B278CC62A001EFB70 /* Project object */;
			proxyType = 1;
			remoteGlobalIDString = 1837DE32278CC62A001EFB70;
			remoteInfo = Frosti;
		};
		1837DE4E278CC62C001EFB70 /* PBXContainerItemProxy */ = {
			isa = PBXContainerItemProxy;
			containerPortal = 1837DE2B278CC62A001EFB70 /* Project object */;
			proxyType = 1;
			remoteGlobalIDString = 1837DE32278CC62A001EFB70;
			remoteInfo = Frosti;
		};
/* End PBXContainerItemProxy section */

/* Begin PBXFileReference section */
		1837DE33278CC62A001EFB70 /* Frosti.app */ = {isa = PBXFileReference; explicitFileType = wrapper.application; includeInIndex = 0; path = Frosti.app; sourceTree = BUILT_PRODUCTS_DIR; };
		1837DE36278CC62A001EFB70 /* FrostiApp.swift */ = {isa = PBXFileReference; lastKnownFileType = sourcecode.swift; path = FrostiApp.swift; sourceTree = "<group>"; };
		1837DE38278CC62A001EFB70 /* ContentView.swift */ = {isa = PBXFileReference; lastKnownFileType = sourcecode.swift; path = ContentView.swift; sourceTree = "<group>"; };
		1837DE3A278CC62C001EFB70 /* Assets.xcassets */ = {isa = PBXFileReference; lastKnownFileType = folder.assetcatalog; path = Assets.xcassets; sourceTree = "<group>"; };
		1837DE3D278CC62C001EFB70 /* Preview Assets.xcassets */ = {isa = PBXFileReference; lastKnownFileType = folder.assetcatalog; path = "Preview Assets.xcassets"; sourceTree = "<group>"; };
		1837DE43278CC62C001EFB70 /* FrostiTests.xctest */ = {isa = PBXFileReference; explicitFileType = wrapper.cfbundle; includeInIndex = 0; path = FrostiTests.xctest; sourceTree = BUILT_PRODUCTS_DIR; };
		1837DE47278CC62C001EFB70 /* FrostiTests.swift */ = {isa = PBXFileReference; lastKnownFileType = sourcecode.swift; path = FrostiTests.swift; sourceTree = "<group>"; };
		1837DE4D278CC62C001EFB70 /* FrostiUITests.xctest */ = {isa = PBXFileReference; explicitFileType = wrapper.cfbundle; includeInIndex = 0; path = FrostiUITests.xctest; sourceTree = BUILT_PRODUCTS_DIR; };
		1837DE51278CC62C001EFB70 /* FrostiUITests.swift */ = {isa = PBXFileReference; lastKnownFileType = sourcecode.swift; path = FrostiUITests.swift; sourceTree = "<group>"; };
		1837DE53278CC62C001EFB70 /* FrostiUITestsLaunchTests.swift */ = {isa = PBXFileReference; lastKnownFileType = sourcecode.swift; path = FrostiUITestsLaunchTests.swift; sourceTree = "<group>"; };
/* End PBXFileReference section */

/* Begin PBXFrameworksBuildPhase section */
		1837DE30278CC62A001EFB70 /* Frameworks */ = {
			isa = PBXFrameworksBuildPhase;
			buildActionMask = 2147483647;
			files = (
			);
			runOnlyForDeploymentPostprocessing = 0;
		};
		1837DE40278CC62C001EFB70 /* Frameworks */ = {
			isa = PBXFrameworksBuildPhase;
			buildActionMask = 2147483647;
			files = (
			);
			runOnlyForDeploymentPostprocessing = 0;
		};
		1837DE4A278CC62C001EFB70 /* Frameworks */ = {
			isa = PBXFrameworksBuildPhase;
			buildActionMask = 2147483647;
			files = (
			);
			runOnlyForDeploymentPostprocessing = 0;
		};
/* End PBXFrameworksBuildPhase section */

/* Begin PBXGroup section */
		1837DE2A278CC62A001EFB70 = {
			isa = PBXGroup;
			children = (
				1837DE35278CC62A001EFB70 /* Frosti */,
				1837DE46278CC62C001EFB70 /* FrostiTests */,
				1837DE50278CC62C001EFB70 /* FrostiUITests */,
				1837DE34278CC62A001EFB70 /* Products */,
			);
			sourceTree = "<group>";
		};
		1837DE34278CC62A001EFB70 /* Products */ = {
			isa = PBXGroup;
			children = (
				1837DE33278CC62A001EFB70 /* Frosti.app */,
				1837DE43278CC62C001EFB70 /* FrostiTests.xctest */,
				1837DE4D278CC62C001EFB70 /* FrostiUITests.xctest */,
			);
			name = Products;
			sourceTree = "<group>";
		};
		1837DE35278CC62A001EFB70 /* Frosti */ = {
			isa = PBXGroup;
			children = (
				1837DE36278CC62A001EFB70 /* FrostiApp.swift */,
				1837DE38278CC62A001EFB70 /* ContentView.swift */,
				1837DE3A278CC62C001EFB70 /* Assets.xcassets */,
				1837DE3C278CC62C001EFB70 /* Preview Content */,
			);
			path = Frosti;
			sourceTree = "<group>";
		};
		1837DE3C278CC62C001EFB70 /* Preview Content */ = {
			isa = PBXGroup;
			children = (
				1837DE3D278CC62C001EFB70 /* Preview Assets.xcassets */,
			);
			path = "Preview Content";
			sourceTree = "<group>";
		};
		1837DE46278CC62C001EFB70 /* FrostiTests */ = {
			isa = PBXGroup;
			children = (
				1837DE47278CC62C001EFB70 /* FrostiTests.swift */,
			);
			path = FrostiTests;
			sourceTree = "<group>";
		};
		1837DE50278CC62C001EFB70 /* FrostiUITests */ = {
			isa = PBXGroup;
			children = (
				1837DE51278CC62C001EFB70 /* FrostiUITests.swift */,
				1837DE53278CC62C001EFB70 /* FrostiUITestsLaunchTests.swift */,
			);
			path = FrostiUITests;
			sourceTree = "<group>";
		};
/* End PBXGroup section */

/* Begin PBXNativeTarget section */
		1837DE32278CC62A001EFB70 /* Frosti */ = {
			isa = PBXNativeTarget;
			buildConfigurationList = 1837DE57278CC62C001EFB70 /* Build configuration list for PBXNativeTarget "Frosti" */;
			buildPhases = (
				1837DE2F278CC62A001EFB70 /* Sources */,
				1837DE30278CC62A001EFB70 /* Frameworks */,
				1837DE31278CC62A001EFB70 /* Resources */,
			);
			buildRules = (
			);
			dependencies = (
			);
			name = Frosti;
			productName = Frosti;
			productReference = 1837DE33278CC62A001EFB70 /* Frosti.app */;
			productType = "com.apple.product-type.application";
		};
		1837DE42278CC62C001EFB70 /* FrostiTests */ = {
			isa = PBXNativeTarget;
			buildConfigurationList = 1837DE5A278CC62C001EFB70 /* Build configuration list for PBXNativeTarget "FrostiTests" */;
			buildPhases = (
				1837DE3F278CC62C001EFB70 /* Sources */,
				1837DE40278CC62C001EFB70 /* Frameworks */,
				1837DE41278CC62C001EFB70 /* Resources */,
			);
			buildRules = (
			);
			dependencies = (
				1837DE45278CC62C001EFB70 /* PBXTargetDependency */,
			);
			name = FrostiTests;
			productName = FrostiTests;
			productReference = 1837DE43278CC62C001EFB70 /* FrostiTests.xctest */;
			productType = "com.apple.product-type.bundle.unit-test";
		};
		1837DE4C278CC62C001EFB70 /* FrostiUITests */ = {
			isa = PBXNativeTarget;
			buildConfigurationList = 1837DE5D278CC62C001EFB70 /* Build configuration list for PBXNativeTarget "FrostiUITests" */;
			buildPhases = (
				1837DE49278CC62C001EFB70 /* Sources */,
				1837DE4A278CC62C001EFB70 /* Frameworks */,
				1837DE4B278CC62C001EFB70 /* Resources */,
			);
			buildRules = (
			);
			dependencies = (
				1837DE4F278CC62C001EFB70 /* PBXTargetDependency */,
			);
			name = FrostiUITests;
			productName = FrostiUITests;
			productReference = 1837DE4D278CC62C001EFB70 /* FrostiUITests.xctest */;
			productType = "com.apple.product-type.bundle.ui-testing";
		};
/* End PBXNativeTarget section */

/* Begin PBXProject section */
		1837DE2B278CC62A001EFB70 /* Project object */ = {
			isa = PBXProject;
			attributes = {
				BuildIndependentTargetsInParallel = 1;
				LastSwiftUpdateCheck = 1320;
				LastUpgradeCheck = 1320;
				TargetAttributes = {
					1837DE32278CC62A001EFB70 = {
						CreatedOnToolsVersion = 13.2;
					};
					1837DE42278CC62C001EFB70 = {
						CreatedOnToolsVersion = 13.2;
						TestTargetID = 1837DE32278CC62A001EFB70;
					};
					1837DE4C278CC62C001EFB70 = {
						CreatedOnToolsVersion = 13.2;
						TestTargetID = 1837DE32278CC62A001EFB70;
					};
				};
			};
			buildConfigurationList = 1837DE2E278CC62A001EFB70 /* Build configuration list for PBXProject "Frosti" */;
			compatibilityVersion = "Xcode 13.0";
			developmentRegion = en;
			hasScannedForEncodings = 0;
			knownRegions = (
				en,
				Base,
			);
			mainGroup = 1837DE2A278CC62A001EFB70;
			productRefGroup = 1837DE34278CC62A001EFB70 /* Products */;
			projectDirPath = "";
			projectRoot = "";
			targets = (
				1837DE32278CC62A001EFB70 /* Frosti */,
				1837DE42278CC62C001EFB70 /* FrostiTests */,
				1837DE4C278CC62C001EFB70 /* FrostiUITests */,
			);
		};
/* End PBXProject section */

/* Begin PBXResourcesBuildPhase section */
		1837DE31278CC62A001EFB70 /* Resources */ = {
			isa = PBXResourcesBuildPhase;
			buildActionMask = 2147483647;
			files = (
				1837DE3E278CC62C001EFB70 /* Preview Assets.xcassets in Resources */,
				1837DE3B278CC62C001EFB70 /* Assets.xcassets in Resources */,
			);
			runOnlyForDeploymentPostprocessing = 0;
		};
		1837DE41278CC62C001EFB70 /* Resources */ = {
			isa = PBXResourcesBuildPhase;
			buildActionMask = 2147483647;
			files = (
			);
			runOnlyForDeploymentPostprocessing = 0;
		};
		1837DE4B278CC62C001EFB70 /* Resources */ = {
			isa = PBXResourcesBuildPhase;
			buildActionMask = 2147483647;
			files = (
			);
			runOnlyForDeploymentPostprocessing = 0;
		};
/* End PBXResourcesBuildPhase section */

/* Begin PBXSourcesBuildPhase section */
		1837DE2F278CC62A001EFB70 /* Sources */ = {
			isa = PBXSourcesBuildPhase;
			buildActionMask = 2147483647;
			files = (
				1837DE39278CC62A001EFB70 /* ContentView.swift in Sources */,
				1837DE37278CC62A001EFB70 /* FrostiApp.swift in Sources */,
			);
			runOnlyForDeploymentPostprocessing = 0;
		};
		1837DE3F278CC62C001EFB70 /* Sources */ = {
			isa = PBXSourcesBuildPhase;
			buildActionMask = 2147483647;
			files = (
				1837DE48278CC62C001EFB70 /* FrostiTests.swift in Sources */,
			);
			runOnlyForDeploymentPostprocessing = 0;
		};
		1837DE49278CC62C001EFB70 /* Sources */ = {
			isa = PBXSourcesBuildPhase;
			buildActionMask = 2147483647;
			files = (
				1837DE52278CC62C001EFB70 /* FrostiUITests.swift in Sources */,
				1837DE54278CC62C001EFB70 /* FrostiUITestsLaunchTests.swift in Sources */,
			);
			runOnlyForDeploymentPostprocessing = 0;
		};
/* End PBXSourcesBuildPhase section */

/* Begin PBXTargetDependency section */
		1837DE45278CC62C001EFB70 /* PBXTargetDependency */ = {
			isa = PBXTargetDependency;
			target = 1837DE32278CC62A001EFB70 /* Frosti */;
			targetProxy = 1837DE44278CC62C001EFB70 /* PBXContainerItemProxy */;
		};
		1837DE4F278CC62C001EFB70 /* PBXTargetDependency */ = {
			isa = PBXTargetDependency;
			target = 1837DE32278CC62A001EFB70 /* Frosti */;
			targetProxy = 1837DE4E278CC62C001EFB70 /* PBXContainerItemProxy */;
		};
/* End PBXTargetDependency section */

/* Begin XCBuildConfiguration section */
		1837DE55278CC62C001EFB70 /* Debug */ = {
			isa = XCBuildConfiguration;
			buildSettings = {
				ALWAYS_SEARCH_USER_PATHS = NO;
				CLANG_ANALYZER_NONNULL = YES;
				CLANG_ANALYZER_NUMBER_OBJECT_CONVERSION = YES_AGGRESSIVE;
				CLANG_CXX_LANGUAGE_STANDARD = "gnu++17";
				CLANG_CXX_LIBRARY = "libc++";
				CLANG_ENABLE_MODULES = YES;
				CLANG_ENABLE_OBJC_ARC = YES;
				CLANG_ENABLE_OBJC_WEAK = YES;
				CLANG_WARN_BLOCK_CAPTURE_AUTORELEASING = YES;
				CLANG_WARN_BOOL_CONVERSION = YES;
				CLANG_WARN_COMMA = YES;
				CLANG_WARN_CONSTANT_CONVERSION = YES;
				CLANG_WARN_DEPRECATED_OBJC_IMPLEMENTATIONS = YES;
				CLANG_WARN_DIRECT_OBJC_ISA_USAGE = YES_ERROR;
				CLANG_WARN_DOCUMENTATION_COMMENTS = YES;
				CLANG_WARN_EMPTY_BODY = YES;
				CLANG_WARN_ENUM_CONVERSION = YES;
				CLANG_WARN_INFINITE_RECURSION = YES;
				CLANG_WARN_INT_CONVERSION = YES;
				CLANG_WARN_NON_LITERAL_NULL_CONVERSION = YES;
				CLANG_WARN_OBJC_IMPLICIT_RETAIN_SELF = YES;
				CLANG_WARN_OBJC_LITERAL_CONVERSION = YES;
				CLANG_WARN_OBJC_ROOT_CLASS = YES_ERROR;
				CLANG_WARN_QUOTED_INCLUDE_IN_FRAMEWORK_HEADER = YES;
				CLANG_WARN_RANGE_LOOP_ANALYSIS = YES;
				CLANG_WARN_STRICT_PROTOTYPES = YES;
				CLANG_WARN_SUSPICIOUS_MOVE = YES;
				CLANG_WARN_UNGUARDED_AVAILABILITY = YES_AGGRESSIVE;
				CLANG_WARN_UNREACHABLE_CODE = YES;
				CLANG_WARN__DUPLICATE_METHOD_MATCH = YES;
				COPY_PHASE_STRIP = NO;
				DEBUG_INFORMATION_FORMAT = dwarf;
				ENABLE_STRICT_OBJC_MSGSEND = YES;
				ENABLE_TESTABILITY = YES;
				GCC_C_LANGUAGE_STANDARD = gnu11;
				GCC_DYNAMIC_NO_PIC = NO;
				GCC_NO_COMMON_BLOCKS = YES;
				GCC_OPTIMIZATION_LEVEL = 0;
				GCC_PREPROCESSOR_DEFINITIONS = (
					"DEBUG=1",
					"$(inherited)",
				);
				GCC_WARN_64_TO_32_BIT_CONVERSION = YES;
				GCC_WARN_ABOUT_RETURN_TYPE = YES_ERROR;
				GCC_WARN_UNDECLARED_SELECTOR = YES;
				GCC_WARN_UNINITIALIZED_AUTOS = YES_AGGRESSIVE;
				GCC_WARN_UNUSED_FUNCTION = YES;
				GCC_WARN_UNUSED_VARIABLE = YES;
				IPHONEOS_DEPLOYMENT_TARGET = 15.2;
				MTL_ENABLE_DEBUG_INFO = INCLUDE_SOURCE;
				MTL_FAST_MATH = YES;
				ONLY_ACTIVE_ARCH = YES;
				SDKROOT = iphoneos;
				SWIFT_ACTIVE_COMPILATION_CONDITIONS = DEBUG;
				SWIFT_OPTIMIZATION_LEVEL = "-Onone";
			};
			name = Debug;
		};
		1837DE56278CC62C001EFB70 /* Release */ = {
			isa = XCBuildConfiguration;
			buildSettings = {
				ALWAYS_SEARCH_USER_PATHS = NO;
				CLANG_ANALYZER_NONNULL = YES;
				CLANG_ANALYZER_NUMBER_OBJECT_CONVERSION = YES_AGGRESSIVE;
				CLANG_CXX_LANGUAGE_STANDARD = "gnu++17";
				CLANG_CXX_LIBRARY = "libc++";
				CLANG_ENABLE_MODULES = YES;
				CLANG_ENABLE_OBJC_ARC = YES;
				CLANG_ENABLE_OBJC_WEAK = YES;
				CLANG_WARN_BLOCK_CAPTURE_AUTORELEASING = YES;
				CLANG_WARN_BOOL_CONVERSION = YES;
				CLANG_WARN_COMMA = YES;
				CLANG_WARN_CONSTANT_CONVERSION = YES;
				CLANG_WARN_DEPRECATED_OBJC_IMPLEMENTATIONS = YES;
				CLANG_WARN_DIRECT_OBJC_ISA_USAGE = YES_ERROR;
				CLANG_WARN_DOCUMENTATION_COMMENTS = YES;
				CLANG_WARN_EMPTY_BODY = YES;
				CLANG_WARN_ENUM_CONVERSION = YES;
				CLANG_WARN_INFINITE_RECURSION = YES;
				CLANG_WARN_INT_CONVERSION = YES;
				CLANG_WARN_NON_LITERAL_NULL_CONVERSION = YES;
				CLANG_WARN_OBJC_IMPLICIT_RETAIN_SELF = YES;
				CLANG_WARN_OBJC_LITERAL_CONVERSION = YES;
				CLANG_WARN_OBJC_ROOT_CLASS = YES_ERROR;
				CLANG_WARN_QUOTED_INCLUDE_IN_FRAMEWORK_HEADER = YES;
				CLANG_WARN_RANGE_LOOP_ANALYSIS = YES;
				CLANG_WARN_STRICT_PROTOTYPES = YES;
				CLANG_WARN_SUSPICIOUS_MOVE = YES;
				CLANG_WARN_UNGUARDED_AVAILABILITY = YES_AGGRESSIVE;
				CLANG_WARN_UNREACHABLE_CODE = YES;
				CLANG_WARN__DUPLICATE_METHOD_MATCH = YES;
				COPY_PHASE_STRIP = NO;
				DEBUG_INFORMATION_FORMAT = "dwarf-with-dsym";
				ENABLE_NS_ASSERTIONS = NO;
				ENABLE_STRICT_OBJC_MSGSEND = YES;
				GCC_C_LANGUAGE_STANDARD = gnu11;
				GCC_NO_COMMON_BLOCKS = YES;
				GCC_WARN_64_TO_32_BIT_CONVERSION = YES;
				GCC_WARN_ABOUT_RETURN_TYPE = YES_ERROR;
				GCC_WARN_UNDECLARED_SELECTOR = YES;
				GCC_WARN_UNINITIALIZED_AUTOS = YES_AGGRESSIVE;
				GCC_WARN_UNUSED_FUNCTION = YES;
				GCC_WARN_UNUSED_VARIABLE = YES;
				IPHONEOS_DEPLOYMENT_TARGET = 15.2;
				MTL_ENABLE_DEBUG_INFO = NO;
				MTL_FAST_MATH = YES;
				SDKROOT = iphoneos;
				SWIFT_COMPILATION_MODE = wholemodule;
				SWIFT_OPTIMIZATION_LEVEL = "-O";
				VALIDATE_PRODUCT = YES;
			};
			name = Release;
		};
		1837DE58278CC62C001EFB70 /* Debug */ = {
			isa = XCBuildConfiguration;
			buildSettings = {
				ASSETCATALOG_COMPILER_APPICON_NAME = AppIcon;
				ASSETCATALOG_COMPILER_GLOBAL_ACCENT_COLOR_NAME = AccentColor;
				CODE_SIGN_STYLE = Automatic;
				CURRENT_PROJECT_VERSION = 1;
				DEVELOPMENT_ASSET_PATHS = "\"Frosti/Preview Content\"";
				DEVELOPMENT_TEAM = L4CX4QKSV5;
				ENABLE_PREVIEWS = YES;
				GENERATE_INFOPLIST_FILE = YES;
				INFOPLIST_KEY_UIApplicationSceneManifest_Generation = YES;
				INFOPLIST_KEY_UIApplicationSupportsIndirectInputEvents = YES;
				INFOPLIST_KEY_UILaunchScreen_Generation = YES;
				INFOPLIST_KEY_UISupportedInterfaceOrientations_iPad = "UIInterfaceOrientationPortrait UIInterfaceOrientationPortraitUpsideDown UIInterfaceOrientationLandscapeLeft UIInterfaceOrientationLandscapeRight";
				INFOPLIST_KEY_UISupportedInterfaceOrientations_iPhone = "UIInterfaceOrientationPortrait UIInterfaceOrientationLandscapeLeft UIInterfaceOrientationLandscapeRight";
				LD_RUNPATH_SEARCH_PATHS = (
					"$(inherited)",
					"@executable_path/Frameworks",
				);
				MARKETING_VERSION = 1.0;
				PRODUCT_BUNDLE_IDENTIFIER = com.esquilli.Frosti;
				PRODUCT_NAME = "$(TARGET_NAME)";
				SWIFT_EMIT_LOC_STRINGS = YES;
				SWIFT_VERSION = 5.0;
				TARGETED_DEVICE_FAMILY = "1,2";
			};
			name = Debug;
		};
		1837DE59278CC62C001EFB70 /* Release */ = {
			isa = XCBuildConfiguration;
			buildSettings = {
				ASSETCATALOG_COMPILER_APPICON_NAME = AppIcon;
				ASSETCATALOG_COMPILER_GLOBAL_ACCENT_COLOR_NAME = AccentColor;
				CODE_SIGN_STYLE = Automatic;
				CURRENT_PROJECT_VERSION = 1;
				DEVELOPMENT_ASSET_PATHS = "\"Frosti/Preview Content\"";
				DEVELOPMENT_TEAM = L4CX4QKSV5;
				ENABLE_PREVIEWS = YES;
				GENERATE_INFOPLIST_FILE = YES;
				INFOPLIST_KEY_UIApplicationSceneManifest_Generation = YES;
				INFOPLIST_KEY_UIApplicationSupportsIndirectInputEvents = YES;
				INFOPLIST_KEY_UILaunchScreen_Generation = YES;
				INFOPLIST_KEY_UISupportedInterfaceOrientations_iPad = "UIInterfaceOrientationPortrait UIInterfaceOrientationPortraitUpsideDown UIInterfaceOrientationLandscapeLeft UIInterfaceOrientationLandscapeRight";
				INFOPLIST_KEY_UISupportedInterfaceOrientations_iPhone = "UIInterfaceOrientationPortrait UIInterfaceOrientationLandscapeLeft UIInterfaceOrientationLandscapeRight";
				LD_RUNPATH_SEARCH_PATHS = (
					"$(inherited)",
					"@executable_path/Frameworks",
				);
				MARKETING_VERSION = 1.0;
				PRODUCT_BUNDLE_IDENTIFIER = com.esquilli.Frosti;
				PRODUCT_NAME = "$(TARGET_NAME)";
				SWIFT_EMIT_LOC_STRINGS = YES;
				SWIFT_VERSION = 5.0;
				TARGETED_DEVICE_FAMILY = "1,2";
			};
			name = Release;
		};
		1837DE5B278CC62C001EFB70 /* Debug */ = {
			isa = XCBuildConfiguration;
			buildSettings = {
				ALWAYS_EMBED_SWIFT_STANDARD_LIBRARIES = YES;
				BUNDLE_LOADER = "$(TEST_HOST)";
				CODE_SIGN_STYLE = Automatic;
				CURRENT_PROJECT_VERSION = 1;
				DEVELOPMENT_TEAM = L4CX4QKSV5;
				GENERATE_INFOPLIST_FILE = YES;
				IPHONEOS_DEPLOYMENT_TARGET = 15.2;
				MARKETING_VERSION = 1.0;
				PRODUCT_BUNDLE_IDENTIFIER = com.esquilli.FrostiTests;
				PRODUCT_NAME = "$(TARGET_NAME)";
				SWIFT_EMIT_LOC_STRINGS = NO;
				SWIFT_VERSION = 5.0;
				TARGETED_DEVICE_FAMILY = "1,2";
				TEST_HOST = "$(BUILT_PRODUCTS_DIR)/Frosti.app/Frosti";
			};
			name = Debug;
		};
		1837DE5C278CC62C001EFB70 /* Release */ = {
			isa = XCBuildConfiguration;
			buildSettings = {
				ALWAYS_EMBED_SWIFT_STANDARD_LIBRARIES = YES;
				BUNDLE_LOADER = "$(TEST_HOST)";
				CODE_SIGN_STYLE = Automatic;
				CURRENT_PROJECT_VERSION = 1;
				DEVELOPMENT_TEAM = L4CX4QKSV5;
				GENERATE_INFOPLIST_FILE = YES;
				IPHONEOS_DEPLOYMENT_TARGET = 15.2;
				MARKETING_VERSION = 1.0;
				PRODUCT_BUNDLE_IDENTIFIER = com.esquilli.FrostiTests;
				PRODUCT_NAME = "$(TARGET_NAME)";
				SWIFT_EMIT_LOC_STRINGS = NO;
				SWIFT_VERSION = 5.0;
				TARGETED_DEVICE_FAMILY = "1,2";
				TEST_HOST = "$(BUILT_PRODUCTS_DIR)/Frosti.app/Frosti";
			};
			name = Release;
		};
		1837DE5E278CC62C001EFB70 /* Debug */ = {
			isa = XCBuildConfiguration;
			buildSettings = {
				ALWAYS_EMBED_SWIFT_STANDARD_LIBRARIES = YES;
				CODE_SIGN_STYLE = Automatic;
				CURRENT_PROJECT_VERSION = 1;
				DEVELOPMENT_TEAM = L4CX4QKSV5;
				GENERATE_INFOPLIST_FILE = YES;
				MARKETING_VERSION = 1.0;
				PRODUCT_BUNDLE_IDENTIFIER = com.esquilli.FrostiUITests;
				PRODUCT_NAME = "$(TARGET_NAME)";
				SWIFT_EMIT_LOC_STRINGS = NO;
				SWIFT_VERSION = 5.0;
				TARGETED_DEVICE_FAMILY = "1,2";
				TEST_TARGET_NAME = Frosti;
			};
			name = Debug;
		};
		1837DE5F278CC62C001EFB70 /* Release */ = {
			isa = XCBuildConfiguration;
			buildSettings = {
				ALWAYS_EMBED_SWIFT_STANDARD_LIBRARIES = YES;
				CODE_SIGN_STYLE = Automatic;
				CURRENT_PROJECT_VERSION = 1;
				DEVELOPMENT_TEAM = L4CX4QKSV5;
				GENERATE_INFOPLIST_FILE = YES;
				MARKETING_VERSION = 1.0;
				PRODUCT_BUNDLE_IDENTIFIER = com.esquilli.FrostiUITests;
				PRODUCT_NAME = "$(TARGET_NAME)";
				SWIFT_EMIT_LOC_STRINGS = NO;
				SWIFT_VERSION = 5.0;
				TARGETED_DEVICE_FAMILY = "1,2";
				TEST_TARGET_NAME = Frosti;
			};
			name = Release;
		};
/* End XCBuildConfiguration section */

/* Begin XCConfigurationList section */
		1837DE2E278CC62A001EFB70 /* Build configuration list for PBXProject "Frosti" */ = {
			isa = XCConfigurationList;
			buildConfigurations = (
				1837DE55278CC62C001EFB70 /* Debug */,
				1837DE56278CC62C001EFB70 /* Release */,
			);
			defaultConfigurationIsVisible = 0;
			defaultConfigurationName = Release;
		};
		1837DE57278CC62C001EFB70 /* Build configuration list for PBXNativeTarget "Frosti" */ = {
			isa = XCConfigurationList;
			buildConfigurations = (
				1837DE58278CC62C001EFB70 /* Debug */,
				1837DE59278CC62C001EFB70 /* Release */,
			);
			defaultConfigurationIsVisible = 0;
			defaultConfigurationName = Release;
		};
		1837DE5A278CC62C001EFB70 /* Build configuration list for PBXNativeTarget "FrostiTests" */ = {
			isa = XCConfigurationList;
			buildConfigurations = (
				1837DE5B278CC62C001EFB70 /* Debug */,
				1837DE5C278CC62C001EFB70 /* Release */,
			);
			defaultConfigurationIsVisible = 0;
			defaultConfigurationName = Release;
		};
		1837DE5D278CC62C001EFB70 /* Build configuration list for PBXNativeTarget "FrostiUITests" */ = {
			isa = XCConfigurationList;
			buildConfigurations = (
				1837DE5E278CC62C001EFB70 /* Debug */,
				1837DE5F278CC62C001EFB70 /* Release */,
			);
			defaultConfigurationIsVisible = 0;
			defaultConfigurationName = Release;
		};
/* End XCConfigurationList section */
	};
	rootObject = 1837DE2B278CC62A001EFB70 /* Project object */;
}
